{
  "version": 4,
  "terraform_version": "1.7.5",
  "serial": 28,
  "lineage": "5e9c65ca-376c-1093-eff9-70affda8f78a",
  "outputs": {
    "public_ip_address": {
      "value": "mtc-vm: 13.92.170.181",
      "type": "string"
    }
  },
  "resources": [
    {
      "mode": "data",
      "type": "azurerm_public_ip",
      "name": "mtc_pub_ip_data",
      "provider": "provider[\"registry.terraform.io/hashicorp/azurerm\"]",
      "instances": [
        {
          "schema_version": 0,
          "attributes": {
            "allocation_method": "Dynamic",
            "ddos_protection_mode": "VirtualNetworkInherited",
            "ddos_protection_plan_id": null,
            "domain_name_label": "",
            "fqdn": "",
            "id": "/subscriptions/58eb5a79-eeef-48d2-b6b2-0601d21ad36c/resourceGroups/mtc-resource/providers/Microsoft.Network/publicIPAddresses/test-ip-1",
            "idle_timeout_in_minutes": 4,
            "ip_address": "13.92.170.181",
            "ip_tags": {},
            "ip_version": "IPv4",
            "location": "eastus",
            "name": "test-ip-1",
            "resource_group_name": "mtc-resource",
            "reverse_fqdn": "",
            "sku": "Basic",
            "tags": {
              "environment": "dev"
            },
            "timeouts": null,
            "zones": []
          },
          "sensitive_attributes": []
        }
      ]
    },
    {
      "mode": "managed",
      "type": "azurerm_linux_virtual_machine",
      "name": "mtc-vm",
      "provider": "provider[\"registry.terraform.io/hashicorp/azurerm\"]",
      "instances": [
        {
          "schema_version": 0,
          "attributes": {
            "additional_capabilities": [],
            "admin_password": null,
            "admin_ssh_key": [
              {
                "public_key": "ssh-rsa AAAAB3NzaC1yc2EAAAADAQABAAABgQDY+ghB16T1dw2MtCqyfsHeY9oIUmgHYQKg6VlU3/t3Fwu9Lwa9u/ejgRNM0/ykBxei0GUXtSunY08aDLqJELJBLElLbtvCTM3FkpRL+wAlaJ5rBEg01XfJGXKRINoxo7+yL0NOJKJpIRtr7tkf+Llrr/GbpYCAA6zYKaWrppzpyNHyQyQPPBtRliJX7wgKHVSgbslD7aKrpw2vvKMuoN/YaqxB3y6+V02jgnBshgXG9zKlxLC/JGbUVJ1RojE2Ab3Twk1U9cqXJfuPcKwg3l09utsEk4TNeecUyQxryQX5N5d/XsHUKKlSxBpq3BjUnwGtKx4oYe6l/oYiqkfjCGtlti8qvnUAdglUK9PsFch+loxbCZXgdfu8K17yAQlHiP6HgtoGI8rzXVn1D7K60GmKVKX+Ls61wlQzH5rAde4wMi/UDruCqKgAqITRHvHGmgYrxn76IytapmY+XVClRd5jaUipv2XDNdaSEgOikekaA7vT2GVlxaOoC6c20EDVT2E= linuxinator@master-node\n",
                "username": "adminuser"
              }
            ],
            "admin_username": "adminuser",
            "allow_extension_operations": true,
            "availability_set_id": "",
            "boot_diagnostics": [],
            "bypass_platform_safety_checks_on_user_schedule_enabled": false,
            "capacity_reservation_group_id": "",
            "computer_name": "mtc-vm",
            "custom_data": "IyEvYmluL2Jhc2gKCiMgSW5zdGFsbCBEb2NrZXIgb24gVWJ1bnR1Cmluc3RhbGxfZG9ja2VyX3VidW50dSgpIHsKICAgIHN1ZG8gYXB0LWdldCB1cGRhdGUKICAgIHN1ZG8gYXB0LWdldCBpbnN0YWxsIC15IGFwdC10cmFuc3BvcnQtaHR0cHMgY2EtY2VydGlmaWNhdGVzIGN1cmwgZ251cGctYWdlbnQgc29mdHdhcmUtcHJvcGVydGllcy1jb21tb24KICAgIGN1cmwgLWZzU0wgaHR0cHM6Ly9kb3dubG9hZC5kb2NrZXIuY29tL2xpbnV4L3VidW50dS9ncGcgfCBzdWRvIGFwdC1rZXkgYWRkIC0KICAgIHN1ZG8gYWRkLWFwdC1yZXBvc2l0b3J5ICJkZWIgW2FyY2g9YW1kNjRdIGh0dHBzOi8vZG93bmxvYWQuZG9ja2VyLmNvbS9saW51eC91YnVudHUgJChsc2JfcmVsZWFzZSAtY3MpIHN0YWJsZSIKICAgIHN1ZG8gYXB0LWdldCB1cGRhdGUKICAgIHN1ZG8gYXB0LWdldCBpbnN0YWxsIC15IGRvY2tlci1jZSBkb2NrZXItY2UtY2xpIGNvbnRhaW5lcmQuaW8KfQoKIyBDaGVjayBpZiB0aGUgc2NyaXB0IGlzIHJ1biBhcyByb290CmlmIFtbICRFVUlEIC1uZSAwIF1dOyB0aGVuCiAgICBlY2hvICJUaGlzIHNjcmlwdCBtdXN0IGJlIHJ1biBhcyByb290IgogICAgZXhpdCAxCmZpCgojIEluc3RhbGwgRG9ja2VyIG9uIFVidW50dQppbnN0YWxsX2RvY2tlcl91YnVudHUKCiMgQWRkIHRoZSBjdXJyZW50IHVzZXIgdG8gdGhlIGRvY2tlciBncm91cApzdWRvIHVzZXJtb2QgLWFHIGRvY2tlciAkVVNFUgoKIyBEaXNwbGF5IERvY2tlciB2ZXJzaW9uCmRvY2tlciAtLXZlcnNpb24KCmVjaG8gIkRvY2tlciBoYXMgYmVlbiBzdWNjZXNzZnVsbHkgaW5zdGFsbGVkLiIK",
            "dedicated_host_group_id": "",
            "dedicated_host_id": "",
            "disable_password_authentication": true,
            "disk_controller_type": "",
            "edge_zone": "",
            "encryption_at_host_enabled": false,
            "eviction_policy": "",
            "extensions_time_budget": "PT1H30M",
            "gallery_application": [],
            "id": "/subscriptions/58eb5a79-eeef-48d2-b6b2-0601d21ad36c/resourceGroups/mtc-resource/providers/Microsoft.Compute/virtualMachines/mtc-vm",
            "identity": [],
            "license_type": "",
            "location": "eastus",
            "max_bid_price": -1,
            "name": "mtc-vm",
            "network_interface_ids": [
              "/subscriptions/58eb5a79-eeef-48d2-b6b2-0601d21ad36c/resourceGroups/mtc-resource/providers/Microsoft.Network/networkInterfaces/mtc-nic-1"
            ],
            "os_disk": [
              {
                "caching": "ReadWrite",
                "diff_disk_settings": [],
                "disk_encryption_set_id": "",
                "disk_size_gb": 30,
                "name": "mtc-vm_OsDisk_1_15d6899299c04afbbf52c91adc7a4514",
                "secure_vm_disk_encryption_set_id": "",
                "security_encryption_type": "",
                "storage_account_type": "Standard_LRS",
                "write_accelerator_enabled": false
              }
            ],
            "os_image_notification": [],
            "patch_assessment_mode": "ImageDefault",
            "patch_mode": "ImageDefault",
            "plan": [],
            "platform_fault_domain": -1,
            "priority": "Regular",
            "private_ip_address": "10.123.1.4",
            "private_ip_addresses": [
              "10.123.1.4"
            ],
            "provision_vm_agent": true,
            "proximity_placement_group_id": "",
            "public_ip_address": "13.92.170.181",
            "public_ip_addresses": [
              "13.92.170.181"
            ],
            "reboot_setting": "",
            "resource_group_name": "mtc-resource",
            "secret": [],
            "secure_boot_enabled": false,
            "size": "Standard_B1s",
            "source_image_id": "",
            "source_image_reference": [
              {
                "offer": "0001-com-ubuntu-server-jammy",
                "publisher": "Canonical",
                "sku": "22_04-lts",
                "version": "latest"
              }
            ],
            "tags": {},
            "termination_notification": [],
            "timeouts": null,
            "user_data": "",
            "virtual_machine_id": "ed01b261-26d9-45fe-85b4-f1cf2ee00f56",
            "virtual_machine_scale_set_id": "",
            "vm_agent_platform_updates_enabled": false,
            "vtpm_enabled": false,
            "zone": ""
          },
          "sensitive_attributes": [],
          "private": "eyJlMmJmYjczMC1lY2FhLTExZTYtOGY4OC0zNDM2M2JjN2M0YzAiOnsiY3JlYXRlIjoyNzAwMDAwMDAwMDAwLCJkZWxldGUiOjI3MDAwMDAwMDAwMDAsInJlYWQiOjMwMDAwMDAwMDAwMCwidXBkYXRlIjoyNzAwMDAwMDAwMDAwfX0=",
          "dependencies": [
            "azurerm_network_interface.mtc-nic",
            "azurerm_public_ip.mtc_pub_ip",
            "azurerm_resource_group.mtc-rg",
            "azurerm_subnet.mtc-subnet",
            "azurerm_virtual_network.mtc-vn"
          ]
        }
      ]
    },
    {
      "mode": "managed",
      "type": "azurerm_network_interface",
      "name": "mtc-nic",
      "provider": "provider[\"registry.terraform.io/hashicorp/azurerm\"]",
      "instances": [
        {
          "schema_version": 0,
          "attributes": {
            "applied_dns_servers": [],
            "auxiliary_mode": "",
            "auxiliary_sku": "",
            "dns_servers": [],
            "edge_zone": "",
            "enable_accelerated_networking": false,
            "enable_ip_forwarding": false,
            "id": "/subscriptions/58eb5a79-eeef-48d2-b6b2-0601d21ad36c/resourceGroups/mtc-resource/providers/Microsoft.Network/networkInterfaces/mtc-nic-1",
            "internal_dns_name_label": "",
            "internal_domain_name_suffix": "sbgmu5cr32eephsvifviz4ihmf.bx.internal.cloudapp.net",
            "ip_configuration": [
              {
                "gateway_load_balancer_frontend_ip_configuration_id": "",
                "name": "internal",
                "primary": true,
                "private_ip_address": "10.123.1.4",
                "private_ip_address_allocation": "Dynamic",
                "private_ip_address_version": "IPv4",
                "public_ip_address_id": "/subscriptions/58eb5a79-eeef-48d2-b6b2-0601d21ad36c/resourceGroups/mtc-resource/providers/Microsoft.Network/publicIPAddresses/test-ip-1",
                "subnet_id": "/subscriptions/58eb5a79-eeef-48d2-b6b2-0601d21ad36c/resourceGroups/mtc-resource/providers/Microsoft.Network/virtualNetworks/mtc-network/subnets/mtc-subnet-1"
              }
            ],
            "location": "eastus",
            "mac_address": "7C-1E-52-0D-B0-9A",
            "name": "mtc-nic-1",
            "private_ip_address": "10.123.1.4",
            "private_ip_addresses": [
              "10.123.1.4"
            ],
            "resource_group_name": "mtc-resource",
            "tags": {
              "environment": "dev"
            },
            "timeouts": null,
            "virtual_machine_id": "/subscriptions/58eb5a79-eeef-48d2-b6b2-0601d21ad36c/resourceGroups/mtc-resource/providers/Microsoft.Compute/virtualMachines/mtc-vm"
          },
          "sensitive_attributes": [],
          "private": "eyJlMmJmYjczMC1lY2FhLTExZTYtOGY4OC0zNDM2M2JjN2M0YzAiOnsiY3JlYXRlIjoxODAwMDAwMDAwMDAwLCJkZWxldGUiOjE4MDAwMDAwMDAwMDAsInJlYWQiOjMwMDAwMDAwMDAwMCwidXBkYXRlIjoxODAwMDAwMDAwMDAwfX0=",
          "dependencies": [
            "azurerm_public_ip.mtc_pub_ip",
            "azurerm_resource_group.mtc-rg",
            "azurerm_subnet.mtc-subnet",
            "azurerm_virtual_network.mtc-vn"
          ]
        }
      ]
    },
    {
      "mode": "managed",
      "type": "azurerm_network_security_group",
      "name": "mtc-sg",
      "provider": "provider[\"registry.terraform.io/hashicorp/azurerm\"]",
      "instances": [
        {
          "schema_version": 0,
          "attributes": {
            "id": "/subscriptions/58eb5a79-eeef-48d2-b6b2-0601d21ad36c/resourceGroups/mtc-resource/providers/Microsoft.Network/networkSecurityGroups/mtc-sg-1",
            "location": "eastus",
            "name": "mtc-sg-1",
            "resource_group_name": "mtc-resource",
            "security_rule": [
              {
                "access": "Allow",
                "description": "",
                "destination_address_prefix": "*",
                "destination_address_prefixes": [],
                "destination_application_security_group_ids": [],
                "destination_port_range": "*",
                "destination_port_ranges": [],
                "direction": "Inbound",
                "name": "mtc-dev-rule",
                "priority": 100,
                "protocol": "*",
                "source_address_prefix": "*",
                "source_address_prefixes": [],
                "source_application_security_group_ids": [],
                "source_port_range": "*",
                "source_port_ranges": []
              }
            ],
            "tags": {
              "environment": "dev"
            },
            "timeouts": null
          },
          "sensitive_attributes": [],
          "private": "eyJlMmJmYjczMC1lY2FhLTExZTYtOGY4OC0zNDM2M2JjN2M0YzAiOnsiY3JlYXRlIjoxODAwMDAwMDAwMDAwLCJkZWxldGUiOjE4MDAwMDAwMDAwMDAsInJlYWQiOjMwMDAwMDAwMDAwMCwidXBkYXRlIjoxODAwMDAwMDAwMDAwfX0=",
          "dependencies": [
            "azurerm_resource_group.mtc-rg"
          ]
        }
      ]
    },
    {
      "mode": "managed",
      "type": "azurerm_network_security_rule",
      "name": "mtc-dev-rule",
      "provider": "provider[\"registry.terraform.io/hashicorp/azurerm\"]",
      "instances": [
        {
          "schema_version": 0,
          "attributes": {
            "access": "Allow",
            "description": "",
            "destination_address_prefix": "*",
            "destination_address_prefixes": [],
            "destination_application_security_group_ids": [],
            "destination_port_range": "*",
            "destination_port_ranges": [],
            "direction": "Inbound",
            "id": "/subscriptions/58eb5a79-eeef-48d2-b6b2-0601d21ad36c/resourceGroups/mtc-resource/providers/Microsoft.Network/networkSecurityGroups/mtc-sg-1/securityRules/mtc-dev-rule",
            "name": "mtc-dev-rule",
            "network_security_group_name": "mtc-sg-1",
            "priority": 100,
            "protocol": "*",
            "resource_group_name": "mtc-resource",
            "source_address_prefix": "*",
            "source_address_prefixes": [],
            "source_application_security_group_ids": [],
            "source_port_range": "*",
            "source_port_ranges": [],
            "timeouts": null
          },
          "sensitive_attributes": [],
          "private": "eyJlMmJmYjczMC1lY2FhLTExZTYtOGY4OC0zNDM2M2JjN2M0YzAiOnsiY3JlYXRlIjoxODAwMDAwMDAwMDAwLCJkZWxldGUiOjE4MDAwMDAwMDAwMDAsInJlYWQiOjMwMDAwMDAwMDAwMCwidXBkYXRlIjoxODAwMDAwMDAwMDAwfX0=",
          "dependencies": [
            "azurerm_network_security_group.mtc-sg",
            "azurerm_resource_group.mtc-rg"
          ]
        }
      ]
    },
    {
      "mode": "managed",
      "type": "azurerm_public_ip",
      "name": "mtc_pub_ip",
      "provider": "provider[\"registry.terraform.io/hashicorp/azurerm\"]",
      "instances": [
        {
          "schema_version": 0,
          "attributes": {
            "allocation_method": "Dynamic",
            "ddos_protection_mode": "VirtualNetworkInherited",
            "ddos_protection_plan_id": null,
            "domain_name_label": null,
            "edge_zone": "",
            "fqdn": null,
            "id": "/subscriptions/58eb5a79-eeef-48d2-b6b2-0601d21ad36c/resourceGroups/mtc-resource/providers/Microsoft.Network/publicIPAddresses/test-ip-1",
            "idle_timeout_in_minutes": 4,
            "ip_address": "13.92.170.181",
            "ip_tags": {},
            "ip_version": "IPv4",
            "location": "eastus",
            "name": "test-ip-1",
            "public_ip_prefix_id": null,
            "resource_group_name": "mtc-resource",
            "reverse_fqdn": null,
            "sku": "Basic",
            "sku_tier": "Regional",
            "tags": {
              "environment": "dev"
            },
            "timeouts": null,
            "zones": []
          },
          "sensitive_attributes": [],
          "private": "eyJlMmJmYjczMC1lY2FhLTExZTYtOGY4OC0zNDM2M2JjN2M0YzAiOnsiY3JlYXRlIjoxODAwMDAwMDAwMDAwLCJkZWxldGUiOjE4MDAwMDAwMDAwMDAsInJlYWQiOjMwMDAwMDAwMDAwMCwidXBkYXRlIjoxODAwMDAwMDAwMDAwfX0=",
          "dependencies": [
            "azurerm_resource_group.mtc-rg"
          ]
        }
      ]
    },
    {
      "mode": "managed",
      "type": "azurerm_resource_group",
      "name": "mtc-rg",
      "provider": "provider[\"registry.terraform.io/hashicorp/azurerm\"]",
      "instances": [
        {
          "schema_version": 0,
          "attributes": {
            "id": "/subscriptions/58eb5a79-eeef-48d2-b6b2-0601d21ad36c/resourceGroups/mtc-resource",
            "location": "eastus",
            "managed_by": "",
            "name": "mtc-resource",
            "tags": {
              "environment": "dev"
            },
            "timeouts": null
          },
          "sensitive_attributes": [],
          "private": "eyJlMmJmYjczMC1lY2FhLTExZTYtOGY4OC0zNDM2M2JjN2M0YzAiOnsiY3JlYXRlIjo1NDAwMDAwMDAwMDAwLCJkZWxldGUiOjU0MDAwMDAwMDAwMDAsInJlYWQiOjMwMDAwMDAwMDAwMCwidXBkYXRlIjo1NDAwMDAwMDAwMDAwfX0="
        }
      ]
    },
    {
      "mode": "managed",
      "type": "azurerm_subnet",
      "name": "mtc-subnet",
      "provider": "provider[\"registry.terraform.io/hashicorp/azurerm\"]",
      "instances": [
        {
          "schema_version": 0,
          "attributes": {
            "address_prefixes": [
              "10.123.1.0/24"
            ],
            "delegation": [],
            "enforce_private_link_endpoint_network_policies": false,
            "enforce_private_link_service_network_policies": false,
            "id": "/subscriptions/58eb5a79-eeef-48d2-b6b2-0601d21ad36c/resourceGroups/mtc-resource/providers/Microsoft.Network/virtualNetworks/mtc-network/subnets/mtc-subnet-1",
            "name": "mtc-subnet-1",
            "private_endpoint_network_policies_enabled": true,
            "private_link_service_network_policies_enabled": true,
            "resource_group_name": "mtc-resource",
            "service_endpoint_policy_ids": [],
            "service_endpoints": [],
            "timeouts": null,
            "virtual_network_name": "mtc-network"
          },
          "sensitive_attributes": [],
          "private": "eyJlMmJmYjczMC1lY2FhLTExZTYtOGY4OC0zNDM2M2JjN2M0YzAiOnsiY3JlYXRlIjoxODAwMDAwMDAwMDAwLCJkZWxldGUiOjE4MDAwMDAwMDAwMDAsInJlYWQiOjMwMDAwMDAwMDAwMCwidXBkYXRlIjoxODAwMDAwMDAwMDAwfX0=",
          "dependencies": [
            "azurerm_resource_group.mtc-rg",
            "azurerm_virtual_network.mtc-vn"
          ]
        }
      ]
    },
    {
      "mode": "managed",
      "type": "azurerm_subnet_network_security_group_association",
      "name": "example",
      "provider": "provider[\"registry.terraform.io/hashicorp/azurerm\"]",
      "instances": [
        {
          "schema_version": 0,
          "attributes": {
            "id": "/subscriptions/58eb5a79-eeef-48d2-b6b2-0601d21ad36c/resourceGroups/mtc-resource/providers/Microsoft.Network/virtualNetworks/mtc-network/subnets/mtc-subnet-1",
            "network_security_group_id": "/subscriptions/58eb5a79-eeef-48d2-b6b2-0601d21ad36c/resourceGroups/mtc-resource/providers/Microsoft.Network/networkSecurityGroups/mtc-sg-1",
            "subnet_id": "/subscriptions/58eb5a79-eeef-48d2-b6b2-0601d21ad36c/resourceGroups/mtc-resource/providers/Microsoft.Network/virtualNetworks/mtc-network/subnets/mtc-subnet-1",
            "timeouts": null
          },
          "sensitive_attributes": [],
          "private": "eyJlMmJmYjczMC1lY2FhLTExZTYtOGY4OC0zNDM2M2JjN2M0YzAiOnsiY3JlYXRlIjoxODAwMDAwMDAwMDAwLCJkZWxldGUiOjE4MDAwMDAwMDAwMDAsInJlYWQiOjMwMDAwMDAwMDAwMH19",
          "dependencies": [
            "azurerm_network_security_group.mtc-sg",
            "azurerm_resource_group.mtc-rg",
            "azurerm_subnet.mtc-subnet",
            "azurerm_virtual_network.mtc-vn"
          ]
        }
      ]
    },
    {
      "mode": "managed",
      "type": "azurerm_virtual_network",
      "name": "mtc-vn",
      "provider": "provider[\"registry.terraform.io/hashicorp/azurerm\"]",
      "instances": [
        {
          "schema_version": 0,
          "attributes": {
            "address_space": [
              "10.123.0.0/16"
            ],
            "bgp_community": "",
            "ddos_protection_plan": [],
            "dns_servers": [],
            "edge_zone": "",
            "encryption": [],
            "flow_timeout_in_minutes": 0,
            "guid": "7cca4c90-ef51-4708-9e55-416a8cf90765",
            "id": "/subscriptions/58eb5a79-eeef-48d2-b6b2-0601d21ad36c/resourceGroups/mtc-resource/providers/Microsoft.Network/virtualNetworks/mtc-network",
            "location": "eastus",
            "name": "mtc-network",
            "resource_group_name": "mtc-resource",
            "subnet": [
              {
                "address_prefix": "10.123.1.0/24",
                "id": "/subscriptions/58eb5a79-eeef-48d2-b6b2-0601d21ad36c/resourceGroups/mtc-resource/providers/Microsoft.Network/virtualNetworks/mtc-network/subnets/mtc-subnet-1",
                "name": "mtc-subnet-1",
                "security_group": "/subscriptions/58eb5a79-eeef-48d2-b6b2-0601d21ad36c/resourceGroups/mtc-resource/providers/Microsoft.Network/networkSecurityGroups/mtc-sg-1"
              }
            ],
            "tags": {
              "environment": "dev"
            },
            "timeouts": null
          },
          "sensitive_attributes": [],
          "private": "eyJlMmJmYjczMC1lY2FhLTExZTYtOGY4OC0zNDM2M2JjN2M0YzAiOnsiY3JlYXRlIjoxODAwMDAwMDAwMDAwLCJkZWxldGUiOjE4MDAwMDAwMDAwMDAsInJlYWQiOjMwMDAwMDAwMDAwMCwidXBkYXRlIjoxODAwMDAwMDAwMDAwfX0=",
          "dependencies": [
            "azurerm_resource_group.mtc-rg"
          ]
        }
      ]
    }
  ],
  "check_results": null
}
